<Solution>
  <Folder Name="/Solution Items/">
    <File Path=".editorconfig" />
  </Folder>
  <Folder Name="/src/">
    <Project Path="src/Cuemon.AspNetCore.App/Cuemon.AspNetCore.App.csproj" />
    <Project Path="src/Cuemon.AspNetCore.Authentication/Cuemon.AspNetCore.Authentication.csproj" />
    <Project Path="src/Cuemon.AspNetCore.Mvc/Cuemon.AspNetCore.Mvc.csproj" />
    <Project Path="src/Cuemon.AspNetCore.Razor.TagHelpers/Cuemon.AspNetCore.Razor.TagHelpers.csproj" />
    <Project Path="src/Cuemon.AspNetCore/Cuemon.AspNetCore.csproj" />
    <Project Path="src/Cuemon.Core.App/Cuemon.Core.App.csproj" />
    <Project Path="src/Cuemon.Core/Cuemon.Core.csproj" />
    <Project Path="src/Cuemon.Data.Integrity/Cuemon.Data.Integrity.csproj" />
    <Project Path="src/Cuemon.Data.SqlClient/Cuemon.Data.SqlClient.csproj" />
    <Project Path="src/Cuemon.Data/Cuemon.Data.csproj" />
    <Project Path="src/Cuemon.Diagnostics/Cuemon.Diagnostics.csproj" />
    <Project Path="src/Cuemon.Extensions.AspNetCore.Authentication/Cuemon.Extensions.AspNetCore.Authentication.csproj" />
    <Project Path="src/Cuemon.Extensions.AspNetCore.Mvc.Formatters.Text.Json/Cuemon.Extensions.AspNetCore.Mvc.Formatters.Text.Json.csproj" />
    <Project Path="src/Cuemon.Extensions.AspNetCore.Mvc.Formatters.Xml/Cuemon.Extensions.AspNetCore.Mvc.Formatters.Xml.csproj" />
    <Project Path="src/Cuemon.Extensions.AspNetCore.Mvc.RazorPages/Cuemon.Extensions.AspNetCore.Mvc.RazorPages.csproj" />
    <Project Path="src/Cuemon.Extensions.AspNetCore.Mvc/Cuemon.Extensions.AspNetCore.Mvc.csproj" />
    <Project Path="src/Cuemon.Extensions.AspNetCore.Text.Json/Cuemon.Extensions.AspNetCore.Text.Json.csproj" />
    <Project Path="src/Cuemon.Extensions.AspNetCore.Xml/Cuemon.Extensions.AspNetCore.Xml.csproj" />
    <Project Path="src/Cuemon.Extensions.AspNetCore/Cuemon.Extensions.AspNetCore.csproj" />
    <Project Path="src/Cuemon.Extensions.Collections.Generic/Cuemon.Extensions.Collections.Generic.csproj" />
    <Project Path="src/Cuemon.Extensions.Collections.Specialized/Cuemon.Extensions.Collections.Specialized.csproj" />
    <Project Path="src/Cuemon.Extensions.Core/Cuemon.Extensions.Core.csproj" />
    <Project Path="src/Cuemon.Extensions.Data.Integrity/Cuemon.Extensions.Data.Integrity.csproj" />
    <Project Path="src/Cuemon.Extensions.Data/Cuemon.Extensions.Data.csproj" />
    <Project Path="src/Cuemon.Extensions.DependencyInjection/Cuemon.Extensions.DependencyInjection.csproj" />
    <Project Path="src/Cuemon.Extensions.Diagnostics/Cuemon.Extensions.Diagnostics.csproj" />
    <Project Path="src/Cuemon.Extensions.Hosting/Cuemon.Extensions.Hosting.csproj" />
    <Project Path="src/Cuemon.Extensions.IO/Cuemon.Extensions.IO.csproj" />
    <Project Path="src/Cuemon.Extensions.Net/Cuemon.Extensions.Net.csproj" />
    <Project Path="src/Cuemon.Extensions.Reflection/Cuemon.Extensions.Reflection.csproj" />
    <Project Path="src/Cuemon.Extensions.Runtime.Caching/Cuemon.Extensions.Runtime.Caching.csproj" />
    <Project Path="src/Cuemon.Extensions.Text.Json/Cuemon.Extensions.Text.Json.csproj" />
    <Project Path="src/Cuemon.Extensions.Text/Cuemon.Extensions.Text.csproj" />
    <Project Path="src/Cuemon.Extensions.Threading/Cuemon.Extensions.Threading.csproj" />
    <Project Path="src/Cuemon.Extensions.Xml/Cuemon.Extensions.Xml.csproj" />
    <Project Path="src/Cuemon.IO/Cuemon.IO.csproj" />
    <Project Path="src/Cuemon.Kernel/Cuemon.Kernel.csproj" Id="e8705265-1862-4d38-a41a-c94b3fcbc3f7" />
    <Project Path="src/Cuemon.Net/Cuemon.Net.csproj" />
    <Project Path="src/Cuemon.Resilience/Cuemon.Resilience.csproj" />
    <Project Path="src/Cuemon.Runtime.Caching/Cuemon.Runtime.Caching.csproj" />
    <Project Path="src/Cuemon.Security.Cryptography/Cuemon.Security.Cryptography.csproj" />
    <Project Path="src/Cuemon.Threading/Cuemon.Threading.csproj" />
    <Project Path="src/Cuemon.Xml/Cuemon.Xml.csproj" />
  </Folder>
  <Folder Name="/test/">
    <Project Path="test/Cuemon.AspNetCore.Authentication.Tests/Cuemon.AspNetCore.Authentication.Tests.csproj" />
    <Project Path="test/Cuemon.AspNetCore.FunctionalTests/Cuemon.AspNetCore.FunctionalTests.csproj" />
    <Project Path="test/Cuemon.AspNetCore.Mvc.FunctionalTests/Cuemon.AspNetCore.Mvc.FunctionalTests.csproj" />
    <Project Path="test/Cuemon.AspNetCore.Mvc.Tests/Cuemon.AspNetCore.Mvc.Tests.csproj" />
    <Project Path="test/Cuemon.AspNetCore.Razor.TagHelpers.Tests/Cuemon.AspNetCore.Razor.TagHelpers.Tests.csproj" />
    <Project Path="test/Cuemon.AspNetCore.Tests/Cuemon.AspNetCore.Tests.csproj" />
    <Project Path="test/Cuemon.Core.Tests/Cuemon.Core.Tests.csproj" />
    <Project Path="test/Cuemon.Data.SqlClient.Tests/Cuemon.Data.SqlClient.Tests.csproj" />
    <Project Path="test/Cuemon.Data.Tests/Cuemon.Data.Tests.csproj" />
    <Project Path="test/Cuemon.Diagnostics.Tests/Cuemon.Diagnostics.Tests.csproj" />
    <Project Path="test/Cuemon.Extensions.AspNetCore.Authentication.Tests/Cuemon.Extensions.AspNetCore.Authentication.Tests.csproj" />
    <Project Path="test/Cuemon.Extensions.AspNetCore.Mvc.Formatters.Text.Json.Tests/Cuemon.Extensions.AspNetCore.Mvc.Formatters.Text.Json.Tests.csproj" />
    <Project Path="test/Cuemon.Extensions.AspNetCore.Mvc.Formatters.Xml.Tests/Cuemon.Extensions.AspNetCore.Mvc.Formatters.Xml.Tests.csproj" />
    <Project Path="test/Cuemon.Extensions.AspNetCore.Mvc.RazorPages.Tests/Cuemon.Extensions.AspNetCore.Mvc.RazorPages.Tests.csproj" />
    <Project Path="test/Cuemon.Extensions.AspNetCore.Mvc.Tests/Cuemon.Extensions.AspNetCore.Mvc.Tests.csproj" />
    <Project Path="test/Cuemon.Extensions.AspNetCore.Tests/Cuemon.Extensions.AspNetCore.Tests.csproj" />
    <Project Path="test/Cuemon.Extensions.Collections.Generic.Tests/Cuemon.Extensions.Collections.Generic.Tests.csproj" />
    <Project Path="test/Cuemon.Extensions.Core.Tests/Cuemon.Extensions.Core.Tests.csproj" />
    <Project Path="test/Cuemon.Extensions.Data.Integrity.Tests/Cuemon.Extensions.Data.Integrity.Tests.csproj" />
    <Project Path="test/Cuemon.Extensions.Data.Tests/Cuemon.Extensions.Data.Tests.csproj" />
    <Project Path="test/Cuemon.Extensions.DependencyInjection.Tests/Cuemon.Extensions.DependencyInjection.Tests.csproj" />
    <Project Path="test/Cuemon.Extensions.Diagnostics.Tests/Cuemon.Extensions.Diagnostics.Tests.csproj" />
    <Project Path="test/Cuemon.Extensions.Hosting.Tests/Cuemon.Extensions.Hosting.Tests.csproj" />
    <Project Path="test/Cuemon.Extensions.IO.Tests/Cuemon.Extensions.IO.Tests.csproj" />
    <Project Path="test/Cuemon.Extensions.Net.Tests/Cuemon.Extensions.Net.Tests.csproj" />
    <Project Path="test/Cuemon.Extensions.Reflection.Tests/Cuemon.Extensions.Reflection.Tests.csproj" />
    <Project Path="test/Cuemon.Extensions.Runtime.Caching.Tests/Cuemon.Extensions.Runtime.Caching.Tests.csproj" />
    <Project Path="test/Cuemon.Extensions.Text.Json.Tests/Cuemon.Extensions.Text.Json.Tests.csproj" />
    <Project Path="test/Cuemon.Extensions.Threading.Tests/Cuemon.Extensions.Threading.Tests.csproj" />
    <Project Path="test/Cuemon.Extensions.Xml.Tests/Cuemon.Extensions.Xml.Tests.csproj" />
    <Project Path="test/Cuemon.IO.Tests/Cuemon.IO.Tests.csproj" />
    <Project Path="test/Cuemon.Kernel.Tests/Cuemon.Kernel.Tests.csproj" Id="7dab1139-ec80-4bf8-84fa-108c89af89fc" />
    <Project Path="test/Cuemon.Net.Tests/Cuemon.Net.Tests.csproj" />
    <Project Path="test/Cuemon.Resilience.Tests/Cuemon.Resilience.Tests.csproj" />
    <Project Path="test/Cuemon.Runtime.Caching.Tests/Cuemon.Runtime.Caching.Tests.csproj" />
    <Project Path="test/Cuemon.Security.Cryptography.Tests/Cuemon.Security.Cryptography.Tests.csproj" />
    <Project Path="test/Cuemon.Threading.Tests/Cuemon.Threading.Tests.csproj" />
    <Project Path="test/Cuemon.Xml.Tests/Cuemon.Xml.Tests.csproj" />
  </Folder>
  <Folder Name="/tooling/">
    <Project Path="tooling/bdn-runner/bdn-runner.csproj" />
  </Folder>
  <Folder Name="/tuning/">
    <Project Path="tuning/Cuemon.Core.Benchmarks/Cuemon.Core.Benchmarks.csproj" />
    <Project Path="tuning/Cuemon.Security.Cryptography.Benchmarks/Cuemon.Security.Cryptography.Benchmarks.csproj" />
  </Folder>
</Solution>
